{
  "originHash" : "a95f0e5ef842753fb64b0fa26ab4ed0a423ca4b07be8aa78749416b9045480ec",
  "pins" : [
    {
      "identity" : "airpoint",
      "kind" : "remoteSourceControl",
      "location" : "https://github.com/brianlo06/airpoint.git",
      "state" : {
        "revision" : "e9992d17ab411eb0358b29eb01223829bdd74a14",
        "version" : "0.3.3"
      }
    }
  ],
  "version" : 3
}
