{
  "originHash" : "f477da886fd0a3bc60770cadd34f8bab342342751c5f446ac5fd8a4888954aaf",
  "pins" : [
    {
      "identity" : "airpoint",
      "kind" : "remoteSourceControl",
      "location" : "https://github.com/brianlo06/airpoint.git",
      "state" : {
        "revision" : "e450ffcbc274f9f0a0fa99466c40fabe4e041b0c",
        "version" : "0.3.1"
      }
    }
  ],
  "version" : 3
}
